// !$*UTF8*$!
{
	archiveVersion = 1;
	classes = {
	};
	objectVersion = 46;
	objects = {

/* Begin PBXBuildFile section */
		593796EE19584F6A0075B8F1 /* AppDelegate.swift in Sources */ = {isa = PBXBuildFile; fileRef = 593796ED19584F6A0075B8F1 /* AppDelegate.swift */; };
		593796F019584F6A0075B8F1 /* MasterViewController.swift in Sources */ = {isa = PBXBuildFile; fileRef = 593796EF19584F6A0075B8F1 /* MasterViewController.swift */; };
		593796F219584F6A0075B8F1 /* DetailViewController.swift in Sources */ = {isa = PBXBuildFile; fileRef = 593796F119584F6A0075B8F1 /* DetailViewController.swift */; };
		593796F519584F6A0075B8F1 /* Main.storyboard in Resources */ = {isa = PBXBuildFile; fileRef = 593796F319584F6A0075B8F1 /* Main.storyboard */; };
		593796F719584F6A0075B8F1 /* Images.xcassets in Resources */ = {isa = PBXBuildFile; fileRef = 593796F619584F6A0075B8F1 /* Images.xcassets */; };
		5937970319584F6A0075B8F1 /* ScaryBugsSwiftTests.swift in Sources */ = {isa = PBXBuildFile; fileRef = 5937970219584F6A0075B8F1 /* ScaryBugsSwiftTests.swift */; };
		5937970E195850690075B8F1 /* RWTScaryBugData.swift in Sources */ = {isa = PBXBuildFile; fileRef = 5937970D195850690075B8F1 /* RWTScaryBugData.swift */; };
		593797101958526B0075B8F1 /* RWTScaryBugDoc.swift in Sources */ = {isa = PBXBuildFile; fileRef = 5937970F1958526B0075B8F1 /* RWTScaryBugDoc.swift */; };
		594E7DAB195DBE9C000999F9 /* UIImageExtras.swift in Sources */ = {isa = PBXBuildFile; fileRef = 594E7DAA195DBE9C000999F9 /* UIImageExtras.swift */; };
		59B89578195B0AC100F2A85F /* attribution.txt in Resources */ = {isa = PBXBuildFile; fileRef = 59B8956F195B0AC100F2A85F /* attribution.txt */; };
		59B89579195B0AC100F2A85F /* centipede.jpg in Resources */ = {isa = PBXBuildFile; fileRef = 59B89570195B0AC100F2A85F /* centipede.jpg */; };
		59B8957A195B0AC100F2A85F /* centipedeThumb.jpg in Resources */ = {isa = PBXBuildFile; fileRef = 59B89571195B0AC100F2A85F /* centipedeThumb.jpg */; };
		59B8957B195B0AC100F2A85F /* ladybug.jpg in Resources */ = {isa = PBXBuildFile; fileRef = 59B89572195B0AC100F2A85F /* ladybug.jpg */; };
		59B8957C195B0AC100F2A85F /* ladybugThumb.jpg in Resources */ = {isa = PBXBuildFile; fileRef = 59B89573195B0AC100F2A85F /* ladybugThumb.jpg */; };
		59B8957D195B0AC100F2A85F /* potatoBug.jpg in Resources */ = {isa = PBXBuildFile; fileRef = 59B89574195B0AC100F2A85F /* potatoBug.jpg */; };
		59B8957E195B0AC100F2A85F /* potatoBugThumb.jpg in Resources */ = {isa = PBXBuildFile; fileRef = 59B89575195B0AC100F2A85F /* potatoBugThumb.jpg */; };
		59B8957F195B0AC100F2A85F /* wolfSpider.jpg in Resources */ = {isa = PBXBuildFile; fileRef = 59B89576195B0AC100F2A85F /* wolfSpider.jpg */; };
		59B89580195B0AC100F2A85F /* wolfSpiderThumb.jpg in Resources */ = {isa = PBXBuildFile; fileRef = 59B89577195B0AC100F2A85F /* wolfSpiderThumb.jpg */; };
		59D03EFA195B9BF0006B9AD4 /* logo1.png in Resources */ = {isa = PBXBuildFile; fileRef = 59D03EF2195B9BF0006B9AD4 /* logo1.png */; };
		59D03EFB195B9BF0006B9AD4 /* RWTRateView.m in Sources */ = {isa = PBXBuildFile; fileRef = 59D03EF4195B9BF0006B9AD4 /* RWTRateView.m */; };
		59D03EFD195B9BF0006B9AD4 /* shockedface2_empty.png in Resources */ = {isa = PBXBuildFile; fileRef = 59D03EF7195B9BF0006B9AD4 /* shockedface2_empty.png */; };
		59D03EFE195B9BF0006B9AD4 /* shockedface2_full.png in Resources */ = {isa = PBXBuildFile; fileRef = 59D03EF8195B9BF0006B9AD4 /* shockedface2_full.png */; };
		59D03EFF195B9BF0006B9AD4 /* shockedface2_half.png in Resources */ = {isa = PBXBuildFile; fileRef = 59D03EF9195B9BF0006B9AD4 /* shockedface2_half.png */; };
/* End PBXBuildFile section */

/* Begin PBXContainerItemProxy section */
		593796FD19584F6A0075B8F1 /* PBXContainerItemProxy */ = {
			isa = PBXContainerItemProxy;
			containerPortal = 593796E019584F6A0075B8F1 /* Project object */;
			proxyType = 1;
			remoteGlobalIDString = 593796E719584F6A0075B8F1;
			remoteInfo = ScaryBugsSwift;
		};
		59D03F91195C1722006B9AD4 /* PBXContainerItemProxy */ = {
			isa = PBXContainerItemProxy;
			containerPortal = 593796E019584F6A0075B8F1 /* Project object */;
			proxyType = 1;
			remoteGlobalIDString = 593796E719584F6A0075B8F1;
			remoteInfo = ScaryBugsSwift;
		};
		59D03F93195C1CD5006B9AD4 /* PBXContainerItemProxy */ = {
			isa = PBXContainerItemProxy;
			containerPortal = 593796E019584F6A0075B8F1 /* Project object */;
			proxyType = 1;
			remoteGlobalIDString = 593796E719584F6A0075B8F1;
			remoteInfo = ScaryBugsSwift;
		};
/* End PBXContainerItemProxy section */

/* Begin PBXFileReference section */
		593796E819584F6A0075B8F1 /* ScaryBugsSwift.app */ = {isa = PBXFileReference; explicitFileType = wrapper.application; includeInIndex = 0; path = ScaryBugsSwift.app; sourceTree = BUILT_PRODUCTS_DIR; };
		593796EC19584F6A0075B8F1 /* Info.plist */ = {isa = PBXFileReference; lastKnownFileType = text.plist.xml; path = Info.plist; sourceTree = "<group>"; };
		593796ED19584F6A0075B8F1 /* AppDelegate.swift */ = {isa = PBXFileReference; lastKnownFileType = sourcecode.swift; path = AppDelegate.swift; sourceTree = "<group>"; };
		593796EF19584F6A0075B8F1 /* MasterViewController.swift */ = {isa = PBXFileReference; lastKnownFileType = sourcecode.swift; path = MasterViewController.swift; sourceTree = "<group>"; };
		593796F119584F6A0075B8F1 /* DetailViewController.swift */ = {isa = PBXFileReference; lastKnownFileType = sourcecode.swift; path = DetailViewController.swift; sourceTree = "<group>"; };
		593796F419584F6A0075B8F1 /* Base */ = {isa = PBXFileReference; lastKnownFileType = file.storyboard; name = Base; path = Base.lproj/Main.storyboard; sourceTree = "<group>"; };
		593796F619584F6A0075B8F1 /* Images.xcassets */ = {isa = PBXFileReference; lastKnownFileType = folder.assetcatalog; path = Images.xcassets; sourceTree = "<group>"; };
		593796FC19584F6A0075B8F1 /* ScaryBugsSwiftTests.xctest */ = {isa = PBXFileReference; explicitFileType = wrapper.cfbundle; includeInIndex = 0; path = ScaryBugsSwiftTests.xctest; sourceTree = BUILT_PRODUCTS_DIR; };
		5937970119584F6A0075B8F1 /* Info.plist */ = {isa = PBXFileReference; lastKnownFileType = text.plist.xml; path = Info.plist; sourceTree = "<group>"; };
		5937970219584F6A0075B8F1 /* ScaryBugsSwiftTests.swift */ = {isa = PBXFileReference; lastKnownFileType = sourcecode.swift; path = ScaryBugsSwiftTests.swift; sourceTree = "<group>"; };
		5937970D195850690075B8F1 /* RWTScaryBugData.swift */ = {isa = PBXFileReference; fileEncoding = 4; lastKnownFileType = sourcecode.swift; path = RWTScaryBugData.swift; sourceTree = "<group>"; };
		5937970F1958526B0075B8F1 /* RWTScaryBugDoc.swift */ = {isa = PBXFileReference; fileEncoding = 4; lastKnownFileType = sourcecode.swift; path = RWTScaryBugDoc.swift; sourceTree = "<group>"; };
		594E7DAA195DBE9C000999F9 /* UIImageExtras.swift */ = {isa = PBXFileReference; fileEncoding = 4; lastKnownFileType = sourcecode.swift; path = UIImageExtras.swift; sourceTree = "<group>"; };
		59B8956F195B0AC100F2A85F /* attribution.txt */ = {isa = PBXFileReference; fileEncoding = 4; lastKnownFileType = text; path = attribution.txt; sourceTree = "<group>"; };
		59B89570195B0AC100F2A85F /* centipede.jpg */ = {isa = PBXFileReference; lastKnownFileType = image.jpeg; path = centipede.jpg; sourceTree = "<group>"; };
		59B89571195B0AC100F2A85F /* centipedeThumb.jpg */ = {isa = PBXFileReference; lastKnownFileType = image.jpeg; path = centipedeThumb.jpg; sourceTree = "<group>"; };
		59B89572195B0AC100F2A85F /* ladybug.jpg */ = {isa = PBXFileReference; lastKnownFileType = image.jpeg; path = ladybug.jpg; sourceTree = "<group>"; };
		59B89573195B0AC100F2A85F /* ladybugThumb.jpg */ = {isa = PBXFileReference; lastKnownFileType = image.jpeg; path = ladybugThumb.jpg; sourceTree = "<group>"; };
		59B89574195B0AC100F2A85F /* potatoBug.jpg */ = {isa = PBXFileReference; lastKnownFileType = image.jpeg; path = potatoBug.jpg; sourceTree = "<group>"; };
		59B89575195B0AC100F2A85F /* potatoBugThumb.jpg */ = {isa = PBXFileReference; lastKnownFileType = image.jpeg; path = potatoBugThumb.jpg; sourceTree = "<group>"; };
		59B89576195B0AC100F2A85F /* wolfSpider.jpg */ = {isa = PBXFileReference; lastKnownFileType = image.jpeg; path = wolfSpider.jpg; sourceTree = "<group>"; };
		59B89577195B0AC100F2A85F /* wolfSpiderThumb.jpg */ = {isa = PBXFileReference; lastKnownFileType = image.jpeg; path = wolfSpiderThumb.jpg; sourceTree = "<group>"; };
		59D03EF1195B9BEF006B9AD4 /* ScaryBugsSwift-Bridging-Header.h */ = {isa = PBXFileReference; lastKnownFileType = sourcecode.c.h; path = "ScaryBugsSwift-Bridging-Header.h"; sourceTree = "<group>"; };
		59D03EF2195B9BF0006B9AD4 /* logo1.png */ = {isa = PBXFileReference; lastKnownFileType = image.png; path = logo1.png; sourceTree = "<group>"; };
		59D03EF3195B9BF0006B9AD4 /* RWTRateView.h */ = {isa = PBXFileReference; fileEncoding = 4; lastKnownFileType = sourcecode.c.h; path = RWTRateView.h; sourceTree = "<group>"; };
		59D03EF4195B9BF0006B9AD4 /* RWTRateView.m */ = {isa = PBXFileReference; fileEncoding = 4; lastKnownFileType = sourcecode.c.objc; path = RWTRateView.m; sourceTree = "<group>"; };
		59D03EF7195B9BF0006B9AD4 /* shockedface2_empty.png */ = {isa = PBXFileReference; lastKnownFileType = image.png; path = shockedface2_empty.png; sourceTree = "<group>"; };
		59D03EF8195B9BF0006B9AD4 /* shockedface2_full.png */ = {isa = PBXFileReference; lastKnownFileType = image.png; path = shockedface2_full.png; sourceTree = "<group>"; };
		59D03EF9195B9BF0006B9AD4 /* shockedface2_half.png */ = {isa = PBXFileReference; lastKnownFileType = image.png; path = shockedface2_half.png; sourceTree = "<group>"; };
/* End PBXFileReference section */

/* Begin PBXFrameworksBuildPhase section */
		593796E519584F6A0075B8F1 /* Frameworks */ = {
			isa = PBXFrameworksBuildPhase;
			buildActionMask = 2147483647;
			files = (
			);
			runOnlyForDeploymentPostprocessing = 0;
		};
		593796F919584F6A0075B8F1 /* Frameworks */ = {
			isa = PBXFrameworksBuildPhase;
			buildActionMask = 2147483647;
			files = (
			);
			runOnlyForDeploymentPostprocessing = 0;
		};
/* End PBXFrameworksBuildPhase section */

/* Begin PBXGroup section */
		593796DF19584F6A0075B8F1 = {
			isa = PBXGroup;
			children = (
				593796EA19584F6A0075B8F1 /* ScaryBugsSwift */,
				593796FF19584F6A0075B8F1 /* ScaryBugsSwiftTests */,
				593796E919584F6A0075B8F1 /* Products */,
			);
			sourceTree = "<group>";
		};
		593796E919584F6A0075B8F1 /* Products */ = {
			isa = PBXGroup;
			children = (
				593796E819584F6A0075B8F1 /* ScaryBugsSwift.app */,
				593796FC19584F6A0075B8F1 /* ScaryBugsSwiftTests.xctest */,
			);
			name = Products;
			sourceTree = "<group>";
		};
		593796EA19584F6A0075B8F1 /* ScaryBugsSwift */ = {
			isa = PBXGroup;
			children = (
				59B8956E195B0AC100F2A85F /* ScaryBugs */,
				5937970C19584FE40075B8F1 /* Model */,
				593796ED19584F6A0075B8F1 /* AppDelegate.swift */,
				593796EF19584F6A0075B8F1 /* MasterViewController.swift */,
				593796F119584F6A0075B8F1 /* DetailViewController.swift */,
				594E7DAA195DBE9C000999F9 /* UIImageExtras.swift */,
				593796F319584F6A0075B8F1 /* Main.storyboard */,
				593796F619584F6A0075B8F1 /* Images.xcassets */,
				593796EB19584F6A0075B8F1 /* Supporting Files */,
			);
			path = ScaryBugsSwift;
			sourceTree = "<group>";
		};
		593796EB19584F6A0075B8F1 /* Supporting Files */ = {
			isa = PBXGroup;
			children = (
				593796EC19584F6A0075B8F1 /* Info.plist */,
			);
			name = "Supporting Files";
			sourceTree = "<group>";
		};
		593796FF19584F6A0075B8F1 /* ScaryBugsSwiftTests */ = {
			isa = PBXGroup;
			children = (
				5937970219584F6A0075B8F1 /* ScaryBugsSwiftTests.swift */,
				5937970019584F6A0075B8F1 /* Supporting Files */,
			);
			path = ScaryBugsSwiftTests;
			sourceTree = "<group>";
		};
		5937970019584F6A0075B8F1 /* Supporting Files */ = {
			isa = PBXGroup;
			children = (
				5937970119584F6A0075B8F1 /* Info.plist */,
			);
			name = "Supporting Files";
			sourceTree = "<group>";
		};
		5937970C19584FE40075B8F1 /* Model */ = {
			isa = PBXGroup;
			children = (
				5937970D195850690075B8F1 /* RWTScaryBugData.swift */,
				5937970F1958526B0075B8F1 /* RWTScaryBugDoc.swift */,
			);
			name = Model;
			sourceTree = "<group>";
		};
		59B8956E195B0AC100F2A85F /* ScaryBugs */ = {
			isa = PBXGroup;
			children = (
				59D03EF2195B9BF0006B9AD4 /* logo1.png */,
				59D03EF3195B9BF0006B9AD4 /* RWTRateView.h */,
				59D03EF4195B9BF0006B9AD4 /* RWTRateView.m */,
				59D03EF7195B9BF0006B9AD4 /* shockedface2_empty.png */,
				59D03EF8195B9BF0006B9AD4 /* shockedface2_full.png */,
				59D03EF9195B9BF0006B9AD4 /* shockedface2_half.png */,
				59B8956F195B0AC100F2A85F /* attribution.txt */,
				59B89570195B0AC100F2A85F /* centipede.jpg */,
				59B89571195B0AC100F2A85F /* centipedeThumb.jpg */,
				59B89572195B0AC100F2A85F /* ladybug.jpg */,
				59B89573195B0AC100F2A85F /* ladybugThumb.jpg */,
				59B89574195B0AC100F2A85F /* potatoBug.jpg */,
				59B89575195B0AC100F2A85F /* potatoBugThumb.jpg */,
				59B89576195B0AC100F2A85F /* wolfSpider.jpg */,
				59B89577195B0AC100F2A85F /* wolfSpiderThumb.jpg */,
				59D03EF1195B9BEF006B9AD4 /* ScaryBugsSwift-Bridging-Header.h */,
			);
			path = ScaryBugs;
			sourceTree = "<group>";
		};
/* End PBXGroup section */

/* Begin PBXNativeTarget section */
		593796E719584F6A0075B8F1 /* ScaryBugsSwift */ = {
			isa = PBXNativeTarget;
			buildConfigurationList = 5937970619584F6A0075B8F1 /* Build configuration list for PBXNativeTarget "ScaryBugsSwift" */;
			buildPhases = (
				593796E419584F6A0075B8F1 /* Sources */,
				593796E519584F6A0075B8F1 /* Frameworks */,
				593796E619584F6A0075B8F1 /* Resources */,
			);
			buildRules = (
			);
			dependencies = (
			);
			name = ScaryBugsSwift;
			productName = ScaryBugsSwift;
			productReference = 593796E819584F6A0075B8F1 /* ScaryBugsSwift.app */;
			productType = "com.apple.product-type.application";
		};
		593796FB19584F6A0075B8F1 /* ScaryBugsSwiftTests */ = {
			isa = PBXNativeTarget;
			buildConfigurationList = 5937970919584F6A0075B8F1 /* Build configuration list for PBXNativeTarget "ScaryBugsSwiftTests" */;
			buildPhases = (
				593796F819584F6A0075B8F1 /* Sources */,
				593796F919584F6A0075B8F1 /* Frameworks */,
				593796FA19584F6A0075B8F1 /* Resources */,
			);
			buildRules = (
			);
			dependencies = (
				593796FE19584F6A0075B8F1 /* PBXTargetDependency */,
				59D03F92195C1722006B9AD4 /* PBXTargetDependency */,
				59D03F94195C1CD5006B9AD4 /* PBXTargetDependency */,
			);
			name = ScaryBugsSwiftTests;
			productName = ScaryBugsSwiftTests;
			productReference = 593796FC19584F6A0075B8F1 /* ScaryBugsSwiftTests.xctest */;
			productType = "com.apple.product-type.bundle.unit-test";
		};
/* End PBXNativeTarget section */

/* Begin PBXProject section */
		593796E019584F6A0075B8F1 /* Project object */ = {
			isa = PBXProject;
			attributes = {
				LastUpgradeCheck = 0600;
				ORGANIZATIONNAME = "Donald Chan";
				TargetAttributes = {
					593796E719584F6A0075B8F1 = {
						CreatedOnToolsVersion = 6.0;
						DevelopmentTeam = 553U85QB3Y;
					};
					593796FB19584F6A0075B8F1 = {
						CreatedOnToolsVersion = 6.0;
						TestTargetID = 593796E719584F6A0075B8F1;
					};
				};
			};
			buildConfigurationList = 593796E319584F6A0075B8F1 /* Build configuration list for PBXProject "ScaryBugsSwift" */;
			compatibilityVersion = "Xcode 3.2";
			developmentRegion = English;
			hasScannedForEncodings = 0;
			knownRegions = (
				en,
				Base,
			);
			mainGroup = 593796DF19584F6A0075B8F1;
			productRefGroup = 593796E919584F6A0075B8F1 /* Products */;
			projectDirPath = "";
			projectRoot = "";
			targets = (
				593796E719584F6A0075B8F1 /* ScaryBugsSwift */,
				593796FB19584F6A0075B8F1 /* ScaryBugsSwiftTests */,
			);
		};
/* End PBXProject section */

/* Begin PBXResourcesBuildPhase section */
		593796E619584F6A0075B8F1 /* Resources */ = {
			isa = PBXResourcesBuildPhase;
			buildActionMask = 2147483647;
			files = (
				593796F519584F6A0075B8F1 /* Main.storyboard in Resources */,
				59B8957D195B0AC100F2A85F /* potatoBug.jpg in Resources */,
				59B8957F195B0AC100F2A85F /* wolfSpider.jpg in Resources */,
				59B89580195B0AC100F2A85F /* wolfSpiderThumb.jpg in Resources */,
				59B8957C195B0AC100F2A85F /* ladybugThumb.jpg in Resources */,
				59B89579195B0AC100F2A85F /* centipede.jpg in Resources */,
				59B8957A195B0AC100F2A85F /* centipedeThumb.jpg in Resources */,
				59B89578195B0AC100F2A85F /* attribution.txt in Resources */,
				59B8957E195B0AC100F2A85F /* potatoBugThumb.jpg in Resources */,
				59B8957B195B0AC100F2A85F /* ladybug.jpg in Resources */,
				59D03EFA195B9BF0006B9AD4 /* logo1.png in Resources */,
				593796F719584F6A0075B8F1 /* Images.xcassets in Resources */,
				59D03EFE195B9BF0006B9AD4 /* shockedface2_full.png in Resources */,
				59D03EFD195B9BF0006B9AD4 /* shockedface2_empty.png in Resources */,
				59D03EFF195B9BF0006B9AD4 /* shockedface2_half.png in Resources */,
			);
			runOnlyForDeploymentPostprocessing = 0;
		};
		593796FA19584F6A0075B8F1 /* Resources */ = {
			isa = PBXResourcesBuildPhase;
			buildActionMask = 2147483647;
			files = (
			);
			runOnlyForDeploymentPostprocessing = 0;
		};
/* End PBXResourcesBuildPhase section */

/* Begin PBXSourcesBuildPhase section */
		593796E419584F6A0075B8F1 /* Sources */ = {
			isa = PBXSourcesBuildPhase;
			buildActionMask = 2147483647;
			files = (
				593797101958526B0075B8F1 /* RWTScaryBugDoc.swift in Sources */,
				593796F219584F6A0075B8F1 /* DetailViewController.swift in Sources */,
				593796F019584F6A0075B8F1 /* MasterViewController.swift in Sources */,
				593796EE19584F6A0075B8F1 /* AppDelegate.swift in Sources */,
				59D03EFB195B9BF0006B9AD4 /* RWTRateView.m in Sources */,
				594E7DAB195DBE9C000999F9 /* UIImageExtras.swift in Sources */,
				5937970E195850690075B8F1 /* RWTScaryBugData.swift in Sources */,
			);
			runOnlyForDeploymentPostprocessing = 0;
		};
		593796F819584F6A0075B8F1 /* Sources */ = {
			isa = PBXSourcesBuildPhase;
			buildActionMask = 2147483647;
			files = (
				5937970319584F6A0075B8F1 /* ScaryBugsSwiftTests.swift in Sources */,
			);
			runOnlyForDeploymentPostprocessing = 0;
		};
/* End PBXSourcesBuildPhase section */

/* Begin PBXTargetDependency section */
		593796FE19584F6A0075B8F1 /* PBXTargetDependency */ = {
			isa = PBXTargetDependency;
			target = 593796E719584F6A0075B8F1 /* ScaryBugsSwift */;
			targetProxy = 593796FD19584F6A0075B8F1 /* PBXContainerItemProxy */;
		};
		59D03F92195C1722006B9AD4 /* PBXTargetDependency */ = {
			isa = PBXTargetDependency;
			target = 593796E719584F6A0075B8F1 /* ScaryBugsSwift */;
			targetProxy = 59D03F91195C1722006B9AD4 /* PBXContainerItemProxy */;
		};
		59D03F94195C1CD5006B9AD4 /* PBXTargetDependency */ = {
			isa = PBXTargetDependency;
			target = 593796E719584F6A0075B8F1 /* ScaryBugsSwift */;
			targetProxy = 59D03F93195C1CD5006B9AD4 /* PBXContainerItemProxy */;
		};
/* End PBXTargetDependency section */

/* Begin PBXVariantGroup section */
		593796F319584F6A0075B8F1 /* Main.storyboard */ = {
			isa = PBXVariantGroup;
			children = (
				593796F419584F6A0075B8F1 /* Base */,
			);
			name = Main.storyboard;
			sourceTree = "<group>";
		};
/* End PBXVariantGroup section */

/* Begin XCBuildConfiguration section */
		5937970419584F6A0075B8F1 /* Debug */ = {
			isa = XCBuildConfiguration;
			buildSettings = {
				ALWAYS_SEARCH_USER_PATHS = NO;
				CLANG_CXX_LANGUAGE_STANDARD = "gnu++0x";
				CLANG_CXX_LIBRARY = "libc++";
				CLANG_ENABLE_MODULES = YES;
				CLANG_ENABLE_OBJC_ARC = YES;
				CLANG_WARN_BOOL_CONVERSION = YES;
				CLANG_WARN_CONSTANT_CONVERSION = YES;
				CLANG_WARN_DIRECT_OBJC_ISA_USAGE = YES_ERROR;
				CLANG_WARN_EMPTY_BODY = YES;
				CLANG_WARN_ENUM_CONVERSION = YES;
				CLANG_WARN_INT_CONVERSION = YES;
				CLANG_WARN_OBJC_ROOT_CLASS = YES_ERROR;
				CLANG_WARN_UNREACHABLE_CODE = YES;
				CLANG_WARN__DUPLICATE_METHOD_MATCH = YES;
				"CODE_SIGN_IDENTITY[sdk=iphoneos*]" = "iPhone Developer";
				COPY_PHASE_STRIP = NO;
				ENABLE_STRICT_OBJC_MSGSEND = YES;
				GCC_C_LANGUAGE_STANDARD = gnu99;
				GCC_DYNAMIC_NO_PIC = NO;
				GCC_OPTIMIZATION_LEVEL = 0;
				GCC_PREPROCESSOR_DEFINITIONS = (
					"DEBUG=1",
					"$(inherited)",
				);
				GCC_SYMBOLS_PRIVATE_EXTERN = NO;
				GCC_WARN_64_TO_32_BIT_CONVERSION = YES;
				GCC_WARN_ABOUT_RETURN_TYPE = YES_ERROR;
				GCC_WARN_UNDECLARED_SELECTOR = YES;
				GCC_WARN_UNINITIALIZED_AUTOS = YES_AGGRESSIVE;
				GCC_WARN_UNUSED_FUNCTION = YES;
				GCC_WARN_UNUSED_VARIABLE = YES;
				IPHONEOS_DEPLOYMENT_TARGET = 8.0;
				METAL_ENABLE_DEBUG_INFO = YES;
				ONLY_ACTIVE_ARCH = YES;
				SDKROOT = iphoneos;
				SWIFT_OPTIMIZATION_LEVEL = "-Onone";
			};
			name = Debug;
		};
		5937970519584F6A0075B8F1 /* Release */ = {
			isa = XCBuildConfiguration;
			buildSettings = {
				ALWAYS_SEARCH_USER_PATHS = NO;
				CLANG_CXX_LANGUAGE_STANDARD = "gnu++0x";
				CLANG_CXX_LIBRARY = "libc++";
				CLANG_ENABLE_MODULES = YES;
				CLANG_ENABLE_OBJC_ARC = YES;
				CLANG_WARN_BOOL_CONVERSION = YES;
				CLANG_WARN_CONSTANT_CONVERSION = YES;
				CLANG_WARN_DIRECT_OBJC_ISA_USAGE = YES_ERROR;
				CLANG_WARN_EMPTY_BODY = YES;
				CLANG_WARN_ENUM_CONVERSION = YES;
				CLANG_WARN_INT_CONVERSION = YES;
				CLANG_WARN_OBJC_ROOT_CLASS = YES_ERROR;
				CLANG_WARN_UNREACHABLE_CODE = YES;
				CLANG_WARN__DUPLICATE_METHOD_MATCH = YES;
				"CODE_SIGN_IDENTITY[sdk=iphoneos*]" = "iPhone Developer";
				COPY_PHASE_STRIP = YES;
				ENABLE_NS_ASSERTIONS = NO;
				ENABLE_STRICT_OBJC_MSGSEND = YES;
				GCC_C_LANGUAGE_STANDARD = gnu99;
				GCC_WARN_64_TO_32_BIT_CONVERSION = YES;
				GCC_WARN_ABOUT_RETURN_TYPE = YES_ERROR;
				GCC_WARN_UNDECLARED_SELECTOR = YES;
				GCC_WARN_UNINITIALIZED_AUTOS = YES_AGGRESSIVE;
				GCC_WARN_UNUSED_FUNCTION = YES;
				GCC_WARN_UNUSED_VARIABLE = YES;
				IPHONEOS_DEPLOYMENT_TARGET = 8.0;
				METAL_ENABLE_DEBUG_INFO = NO;
				SDKROOT = iphoneos;
				VALIDATE_PRODUCT = YES;
			};
			name = Release;
		};
		5937970719584F6A0075B8F1 /* Debug */ = {
			isa = XCBuildConfiguration;
			buildSettings = {
				ASSETCATALOG_COMPILER_APPICON_NAME = AppIcon;
				ASSETCATALOG_COMPILER_LAUNCHIMAGE_NAME = LaunchImage;
				CLANG_ENABLE_MODULES = YES;
				CODE_SIGN_IDENTITY = "iPhone Developer";
				"CODE_SIGN_IDENTITY[sdk=iphoneos*]" = "iPhone Developer";
				INFOPLIST_FILE = ScaryBugsSwift/Info.plist;
				IPHONEOS_DEPLOYMENT_TARGET = 7.0;
				LD_RUNPATH_SEARCH_PATHS = "$(inherited) @executable_path/Frameworks";
				PRODUCT_NAME = "$(TARGET_NAME)";
				PROVISIONING_PROFILE = "";
				SWIFT_OBJC_BRIDGING_HEADER = "ScaryBugsSwift/ScaryBugs/ScaryBugsSwift-Bridging-Header.h";
				SWIFT_OPTIMIZATION_LEVEL = "-Onone";
				TARGETED_DEVICE_FAMILY = 1;
			};
			name = Debug;
		};
		5937970819584F6A0075B8F1 /* Release */ = {
			isa = XCBuildConfiguration;
			buildSettings = {
				ASSETCATALOG_COMPILER_APPICON_NAME = AppIcon;
				ASSETCATALOG_COMPILER_LAUNCHIMAGE_NAME = LaunchImage;
				CLANG_ENABLE_MODULES = YES;
				CODE_SIGN_IDENTITY = "iPhone Developer";
				"CODE_SIGN_IDENTITY[sdk=iphoneos*]" = "iPhone Developer";
				INFOPLIST_FILE = ScaryBugsSwift/Info.plist;
				IPHONEOS_DEPLOYMENT_TARGET = 7.0;
				LD_RUNPATH_SEARCH_PATHS = "$(inherited) @executable_path/Frameworks";
				PRODUCT_NAME = "$(TARGET_NAME)";
				PROVISIONING_PROFILE = "";
				SWIFT_OBJC_BRIDGING_HEADER = "ScaryBugsSwift/ScaryBugs/ScaryBugsSwift-Bridging-Header.h";
				TARGETED_DEVICE_FAMILY = 1;
			};
			name = Release;
		};
		5937970A19584F6A0075B8F1 /* Debug */ = {
			isa = XCBuildConfiguration;
			buildSettings = {
				BUNDLE_LOADER = "$(BUILT_PRODUCTS_DIR)/ScaryBugsSwift.app/ScaryBugsSwift";
				FRAMEWORK_SEARCH_PATHS = (
					"$(SDKROOT)/Developer/Library/Frameworks",
					"$(inherited)",
				);
				GCC_PREPROCESSOR_DEFINITIONS = (
					"DEBUG=1",
					"$(inherited)",
				);
				INFOPLIST_FILE = ScaryBugsSwiftTests/Info.plist;
				LD_RUNPATH_SEARCH_PATHS = "$(inherited) @executable_path/Frameworks @loader_path/Frameworks";
				METAL_ENABLE_DEBUG_INFO = YES;
				PRODUCT_NAME = "$(TARGET_NAME)";
				TEST_HOST = "$(BUNDLE_LOADER)";
			};
			name = Debug;
		};
		5937970B19584F6A0075B8F1 /* Release */ = {
			isa = XCBuildConfiguration;
			buildSettings = {
				BUNDLE_LOADER = "$(BUILT_PRODUCTS_DIR)/ScaryBugsSwift.app/ScaryBugsSwift";
				FRAMEWORK_SEARCH_PATHS = (
					"$(SDKROOT)/Developer/Library/Frameworks",
					"$(inherited)",
				);
				INFOPLIST_FILE = ScaryBugsSwiftTests/Info.plist;
				LD_RUNPATH_SEARCH_PATHS = "$(inherited) @executable_path/Frameworks @loader_path/Frameworks";
				METAL_ENABLE_DEBUG_INFO = NO;
				PRODUCT_NAME = "$(TARGET_NAME)";
				TEST_HOST = "$(BUNDLE_LOADER)";
			};
			name = Release;
		};
/* End XCBuildConfiguration section */

/* Begin XCConfigurationList section */
		593796E319584F6A0075B8F1 /* Build configuration list for PBXProject "ScaryBugsSwift" */ = {
			isa = XCConfigurationList;
			buildConfigurations = (
				5937970419584F6A0075B8F1 /* Debug */,
				5937970519584F6A0075B8F1 /* Release */,
			);
			defaultConfigurationIsVisible = 0;
			defaultConfigurationName = Release;
		};
		5937970619584F6A0075B8F1 /* Build configuration list for PBXNativeTarget "ScaryBugsSwift" */ = {
			isa = XCConfigurationList;
			buildConfigurations = (
				5937970719584F6A0075B8F1 /* Debug */,
				5937970819584F6A0075B8F1 /* Release */,
			);
			defaultConfigurationIsVisible = 0;
			defaultConfigurationName = Release;
		};
		5937970919584F6A0075B8F1 /* Build configuration list for PBXNativeTarget "ScaryBugsSwiftTests" */ = {
			isa = XCConfigurationList;
			buildConfigurations = (
				5937970A19584F6A0075B8F1 /* Debug */,
				5937970B19584F6A0075B8F1 /* Release */,
			);
			defaultConfigurationIsVisible = 0;
			defaultConfigurationName = Release;
		};
/* End XCConfigurationList section */
	};
	rootObject = 593796E019584F6A0075B8F1 /* Project object */;
}
